
Microsoft Visual Studio Solution File, Format Version 12.00
# Visual Studio 15
VisualStudioVersion = 15.0.26430.13
MinimumVisualStudioVersion = 10.0.40219.1
Project("{FAE04EC0-301F-11D3-BF4B-00C04F79EFBC}") = "DockerMVC", "DockerMVC\DockerMVC.csproj", "{51A879FA-6461-4B5D-AC36-9398FD0F9F6B}"
EndProject
Project("{E53339B2-1760-4266-BCC7-CA923CBCF16C}") = "docker-compose", "docker-compose.dcproj", "{0C3BEAB3-39E6-4780-B162-82C18FA3C9FA}"
EndProject
Project("{FAE04EC0-301F-11D3-BF4B-00C04F79EFBC}") = "DockerWebAPI", "DockerWebAPI\DockerWebAPI.csproj", "{F4D4A702-C7BC-4952-B8EB-004F29050DF5}"
EndProject
Global
	GlobalSection(SolutionConfigurationPlatforms) = preSolution
		Debug|Any CPU = Debug|Any CPU
		Release|Any CPU = Release|Any CPU
	EndGlobalSection
	GlobalSection(ProjectConfigurationPlatforms) = postSolution
		{51A879FA-6461-4B5D-AC36-9398FD0F9F6B}.Debug|Any CPU.ActiveCfg = Debug|Any CPU
		{51A879FA-6461-4B5D-AC36-9398FD0F9F6B}.Debug|Any CPU.Build.0 = Debug|Any CPU
		{51A879FA-6461-4B5D-AC36-9398FD0F9F6B}.Release|Any CPU.ActiveCfg = Release|Any CPU
		{51A879FA-6461-4B5D-AC36-9398FD0F9F6B}.Release|Any CPU.Build.0 = Release|Any CPU
		{0C3BEAB3-39E6-4780-B162-82C18FA3C9FA}.Debug|Any CPU.ActiveCfg = Debug|Any CPU
		{0C3BEAB3-39E6-4780-B162-82C18FA3C9FA}.Debug|Any CPU.Build.0 = Debug|Any CPU
		{0C3BEAB3-39E6-4780-B162-82C18FA3C9FA}.Release|Any CPU.ActiveCfg = Release|Any CPU
		{0C3BEAB3-39E6-4780-B162-82C18FA3C9FA}.Release|Any CPU.Build.0 = Release|Any CPU
		{F4D4A702-C7BC-4952-B8EB-004F29050DF5}.Debug|Any CPU.ActiveCfg = Debug|Any CPU
		{F4D4A702-C7BC-4952-B8EB-004F29050DF5}.Debug|Any CPU.Build.0 = Debug|Any CPU
		{F4D4A702-C7BC-4952-B8EB-004F29050DF5}.Release|Any CPU.ActiveCfg = Release|Any CPU
		{F4D4A702-C7BC-4952-B8EB-004F29050DF5}.Release|Any CPU.Build.0 = Release|Any CPU
	EndGlobalSection
	GlobalSection(SolutionProperties) = preSolution
		HideSolutionNode = FALSE
	EndGlobalSection
EndGlobal
